// !$*UTF8*$!
{
	archiveVersion = 1;
	classes = {
	};
	objectVersion = 77;
	objects = {

/* Begin PBXBuildFile section */
		0D981E919FBD7BE235C8EF69 /* ProfileView.swift in Sources */ = {isa = PBXBuildFile; fileRef = 81D3EA31BE0B1A4E96C7C214 /* ProfileView.swift */; };
		0F5C3BF8DF87040AD5FB7407 /* APIClient.swift in Sources */ = {isa = PBXBuildFile; fileRef = 3EC0CFE335C1178DF3E5BFA4 /* APIClient.swift */; };
		0FFB63E0141F9F6ADC7FA514 /* LeadFormDraft.swift in Sources */ = {isa = PBXBuildFile; fileRef = 81DF46E63105AAEA1EA2A675 /* LeadFormDraft.swift */; };
		1086D70FDA27D4039DB1B96A /* ManagerLeadDetailView.swift in Sources */ = {isa = PBXBuildFile; fileRef = 41648CBD61EAB8CE10FD14AD /* ManagerLeadDetailView.swift */; };
		122D05FE6C097143B4761EAA /* LeadFormView.swift in Sources */ = {isa = PBXBuildFile; fileRef = 6C3B835054B83EBCEBDB86BE /* LeadFormView.swift */; };
		17A9324BACDA0CB26F331C14 /* LeadStatus+Helpers.swift in Sources */ = {isa = PBXBuildFile; fileRef = 678D683334C035FD1259D7B3 /* LeadStatus+Helpers.swift */; };
		1E2244806AFE0701E4468F5B /* AppState.swift in Sources */ = {isa = PBXBuildFile; fileRef = 968157853DEA687D17F90B0E /* AppState.swift */; };
		1F10AC8D286E7488378ABB09 /* RoleShellView.swift in Sources */ = {isa = PBXBuildFile; fileRef = 5E3E2967059A5064C598C811 /* RoleShellView.swift */; };
		27F275E316ACA0AF29CBC74D /* LeadSource.swift in Sources */ = {isa = PBXBuildFile; fileRef = 0E250538C37A11CD69ABA1C2 /* LeadSource.swift */; };
		296972D73AFF3E8F7D08FDC3 /* CloserDashboardView.swift in Sources */ = {isa = PBXBuildFile; fileRef = 9FA5FA8E18C5D3D316B26317 /* CloserDashboardView.swift */; };
		2ACCE4DC4D44464764103C2C /* Lead.swift in Sources */ = {isa = PBXBuildFile; fileRef = DB8E4AB226AE6F0A6D609511 /* Lead.swift */; };
		4852383CB79CEBCF7444C99F /* LeadReviewView.swift in Sources */ = {isa = PBXBuildFile; fileRef = 5D0D619E24F068F06627F736 /* LeadReviewView.swift */; };
		4F4891C135AC4C9C7D21E2FA /* RootView.swift in Sources */ = {isa = PBXBuildFile; fileRef = 12E57C5A09512B053B669C15 /* RootView.swift */; };
		5E07F27D51C5BE245A09739B /* SeedData.swift in Sources */ = {isa = PBXBuildFile; fileRef = 3C4C2CCCBF775FD1858601B4 /* SeedData.swift */; };
		61E51383B10395F1F3FD963F /* DoorKnockerDashboardView.swift in Sources */ = {isa = PBXBuildFile; fileRef = 847C41DE74AA10F1D3A301AF /* DoorKnockerDashboardView.swift */; };
		691A778AA61723A434371BD4 /* Formatters.swift in Sources */ = {isa = PBXBuildFile; fileRef = 2672586CCB1A01DE30A6C16A /* Formatters.swift */; };
		6A70015CE04F8623DF000B95 /* AssignmentManagerView.swift in Sources */ = {isa = PBXBuildFile; fileRef = 4A2D7A63403F920C4D937254 /* AssignmentManagerView.swift */; };
		6B2E574A1C3C44AF80D1B4C1 /* DoorKnockerLeadDetailView.swift in Sources */ = {isa = PBXBuildFile; fileRef = 2D2F5133BE1FD2CF2EB1F10D /* DoorKnockerLeadDetailView.swift */; };
		6FDE331DF09E5270C4746C4A /* LeadOutcome.swift in Sources */ = {isa = PBXBuildFile; fileRef = 073E6DD3E3924F4873AFC1B4 /* LeadOutcome.swift */; };
		74DBA0AA3764693FDAC0103D /* CloserTabView.swift in Sources */ = {isa = PBXBuildFile; fileRef = 198A6A064C42EA8C7B4897D3 /* CloserTabView.swift */; };
		7DED6454DA5EE7498B6D752B /* CloserScheduleView.swift in Sources */ = {isa = PBXBuildFile; fileRef = CA639C5B48FDFE5F8CACE7B8 /* CloserScheduleView.swift */; };
		823A9FE6901FB013F9B8A1D0 /* LeadService.swift in Sources */ = {isa = PBXBuildFile; fileRef = 8F29D6885EFEAF56F8E2ED19 /* LeadService.swift */; };
		8328D4882FF67D07B6CED7E8 /* ServiceContainer.swift in Sources */ = {isa = PBXBuildFile; fileRef = 2E18237EC35D5E737F31E858 /* ServiceContainer.swift */; };
		85885DE9DAF43F6F5FA6DD11 /* LeadExtraction.swift in Sources */ = {isa = PBXBuildFile; fileRef = EC5A689ACCE35EB4371DADF7 /* LeadExtraction.swift */; };
		8E12EEEAA4D74E1D741C0069 /* AppUser.swift in Sources */ = {isa = PBXBuildFile; fileRef = 154585412B1560D6F1075E89 /* AppUser.swift */; };
		8F5C33224A26F4EBD02642EE /* ManagerDashboardView.swift in Sources */ = {isa = PBXBuildFile; fileRef = FFF4EDF643E315E1C09E871C /* ManagerDashboardView.swift */; };
		931D0E50874EE3CB9A9AF924 /* NewLeadFlowView.swift in Sources */ = {isa = PBXBuildFile; fileRef = A083CF00BDC4D8DF51BA21EF /* NewLeadFlowView.swift */; };
		A7AB119F7EDE3D774566C63A /* SolarCRMApp.swift in Sources */ = {isa = PBXBuildFile; fileRef = 537F8430E9EFC3F81357B75E /* SolarCRMApp.swift */; };
		A9FE7E8025228B72178E9F24 /* LeadHistoryItem.swift in Sources */ = {isa = PBXBuildFile; fileRef = DBD8C557F999C2F345D365FE /* LeadHistoryItem.swift */; };
		AB1198410C30D3647ACA18AC /* LaunchScreen.storyboard in Resources */ = {isa = PBXBuildFile; fileRef = B3D21CBC9A95735EDE0858C1 /* LaunchScreen.storyboard */; };
		ABE4422B19EE69D9093E89A1 /* CloserLeadDetailView.swift in Sources */ = {isa = PBXBuildFile; fileRef = BAD936BEB2DEBD75C63C7E2F /* CloserLeadDetailView.swift */; };
		B04C344A18777E3443A9F5E2 /* Components.swift in Sources */ = {isa = PBXBuildFile; fileRef = CA5FD0E5B52D9ACD550802BF /* Components.swift */; };
		B48C2986741D4AA1B21C8C1E /* ManagerTabView.swift in Sources */ = {isa = PBXBuildFile; fileRef = 525767BED8DD23C0D302ACF8 /* ManagerTabView.swift */; };
		B843922DE178F743770D76C8 /* DoorKnockerTabView.swift in Sources */ = {isa = PBXBuildFile; fileRef = 5641597072D94052D9040955 /* DoorKnockerTabView.swift */; };
		BA322E879A6623D6A93E77B9 /* NotificationService.swift in Sources */ = {isa = PBXBuildFile; fileRef = D4432A435FE6735B4FFB3302 /* NotificationService.swift */; };
		D263C33C0843FA4CC3F6721C /* AIExtractionService.swift in Sources */ = {isa = PBXBuildFile; fileRef = 8947825B9E973132AEAE0C00 /* AIExtractionService.swift */; };
		DE29FC75F1EE2270A656CD39 /* LoginView.swift in Sources */ = {isa = PBXBuildFile; fileRef = 9DD7338EFC4F8AB49A1CD95B /* LoginView.swift */; };
		E01C173CCF21A4331389A275 /* ManagerPipelineBoardView.swift in Sources */ = {isa = PBXBuildFile; fileRef = 55C7B175E634D804B4061AA7 /* ManagerPipelineBoardView.swift */; };
		E0FDEBAD4BFB4802485BC001 /* UserRole.swift in Sources */ = {isa = PBXBuildFile; fileRef = 296D17C56FA1E3737DFB1E51 /* UserRole.swift */; };
		E42750E1BA240B30D2101776 /* LeadStatus.swift in Sources */ = {isa = PBXBuildFile; fileRef = AE7B75FD8EEE8F57B25F7A42 /* LeadStatus.swift */; };
		E4E76695115D3B2C4DBD1260 /* AuthService.swift in Sources */ = {isa = PBXBuildFile; fileRef = 094FC9CBEC5B056867CBE28B /* AuthService.swift */; };
		E55CF1E02E94519EB9D27E13 /* AppNotification.swift in Sources */ = {isa = PBXBuildFile; fileRef = C2EE5D76BC829713966E36EB /* AppNotification.swift */; };
		EEEA727262AEE2EF756F7F63 /* NotificationsView.swift in Sources */ = {isa = PBXBuildFile; fileRef = 92EC43263587D501E93341BB /* NotificationsView.swift */; };
		F46FD0DDFC7C7AA5F5E04A8C /* LeadDTOs.swift in Sources */ = {isa = PBXBuildFile; fileRef = F74EEB5D126D6819048A9BE8 /* LeadDTOs.swift */; };
/* End PBXBuildFile section */

/* Begin PBXFileReference section */
		073E6DD3E3924F4873AFC1B4 /* LeadOutcome.swift */ = {isa = PBXFileReference; lastKnownFileType = sourcecode.swift; path = LeadOutcome.swift; sourceTree = "<group>"; };
		094FC9CBEC5B056867CBE28B /* AuthService.swift */ = {isa = PBXFileReference; lastKnownFileType = sourcecode.swift; path = AuthService.swift; sourceTree = "<group>"; };
		0E250538C37A11CD69ABA1C2 /* LeadSource.swift */ = {isa = PBXFileReference; lastKnownFileType = sourcecode.swift; path = LeadSource.swift; sourceTree = "<group>"; };
		12E57C5A09512B053B669C15 /* RootView.swift */ = {isa = PBXFileReference; lastKnownFileType = sourcecode.swift; path = RootView.swift; sourceTree = "<group>"; };
		154585412B1560D6F1075E89 /* AppUser.swift */ = {isa = PBXFileReference; lastKnownFileType = sourcecode.swift; path = AppUser.swift; sourceTree = "<group>"; };
		198A6A064C42EA8C7B4897D3 /* CloserTabView.swift */ = {isa = PBXFileReference; lastKnownFileType = sourcecode.swift; path = CloserTabView.swift; sourceTree = "<group>"; };
		2672586CCB1A01DE30A6C16A /* Formatters.swift */ = {isa = PBXFileReference; lastKnownFileType = sourcecode.swift; path = Formatters.swift; sourceTree = "<group>"; };
		296D17C56FA1E3737DFB1E51 /* UserRole.swift */ = {isa = PBXFileReference; lastKnownFileType = sourcecode.swift; path = UserRole.swift; sourceTree = "<group>"; };
		2D2F5133BE1FD2CF2EB1F10D /* DoorKnockerLeadDetailView.swift */ = {isa = PBXFileReference; lastKnownFileType = sourcecode.swift; path = DoorKnockerLeadDetailView.swift; sourceTree = "<group>"; };
		2E18237EC35D5E737F31E858 /* ServiceContainer.swift */ = {isa = PBXFileReference; lastKnownFileType = sourcecode.swift; path = ServiceContainer.swift; sourceTree = "<group>"; };
		3C4C2CCCBF775FD1858601B4 /* SeedData.swift */ = {isa = PBXFileReference; lastKnownFileType = sourcecode.swift; path = SeedData.swift; sourceTree = "<group>"; };
		3EC0CFE335C1178DF3E5BFA4 /* APIClient.swift */ = {isa = PBXFileReference; lastKnownFileType = sourcecode.swift; path = APIClient.swift; sourceTree = "<group>"; };
		41648CBD61EAB8CE10FD14AD /* ManagerLeadDetailView.swift */ = {isa = PBXFileReference; lastKnownFileType = sourcecode.swift; path = ManagerLeadDetailView.swift; sourceTree = "<group>"; };
		4A2D7A63403F920C4D937254 /* AssignmentManagerView.swift */ = {isa = PBXFileReference; lastKnownFileType = sourcecode.swift; path = AssignmentManagerView.swift; sourceTree = "<group>"; };
		525767BED8DD23C0D302ACF8 /* ManagerTabView.swift */ = {isa = PBXFileReference; lastKnownFileType = sourcecode.swift; path = ManagerTabView.swift; sourceTree = "<group>"; };
		537F8430E9EFC3F81357B75E /* SolarCRMApp.swift */ = {isa = PBXFileReference; lastKnownFileType = sourcecode.swift; path = SolarCRMApp.swift; sourceTree = "<group>"; };
		55C7B175E634D804B4061AA7 /* ManagerPipelineBoardView.swift */ = {isa = PBXFileReference; lastKnownFileType = sourcecode.swift; path = ManagerPipelineBoardView.swift; sourceTree = "<group>"; };
		5641597072D94052D9040955 /* DoorKnockerTabView.swift */ = {isa = PBXFileReference; lastKnownFileType = sourcecode.swift; path = DoorKnockerTabView.swift; sourceTree = "<group>"; };
		5D0D619E24F068F06627F736 /* LeadReviewView.swift */ = {isa = PBXFileReference; lastKnownFileType = sourcecode.swift; path = LeadReviewView.swift; sourceTree = "<group>"; };
		5E3E2967059A5064C598C811 /* RoleShellView.swift */ = {isa = PBXFileReference; lastKnownFileType = sourcecode.swift; path = RoleShellView.swift; sourceTree = "<group>"; };
		63EFABB7ED6D0965C732BA96 /* SolarCRM.app */ = {isa = PBXFileReference; includeInIndex = 0; lastKnownFileType = wrapper.application; path = SolarCRM.app; sourceTree = BUILT_PRODUCTS_DIR; };
		678D683334C035FD1259D7B3 /* LeadStatus+Helpers.swift */ = {isa = PBXFileReference; lastKnownFileType = sourcecode.swift; path = "LeadStatus+Helpers.swift"; sourceTree = "<group>"; };
		6C3B835054B83EBCEBDB86BE /* LeadFormView.swift */ = {isa = PBXFileReference; lastKnownFileType = sourcecode.swift; path = LeadFormView.swift; sourceTree = "<group>"; };
		81D3EA31BE0B1A4E96C7C214 /* ProfileView.swift */ = {isa = PBXFileReference; lastKnownFileType = sourcecode.swift; path = ProfileView.swift; sourceTree = "<group>"; };
		81DF46E63105AAEA1EA2A675 /* LeadFormDraft.swift */ = {isa = PBXFileReference; lastKnownFileType = sourcecode.swift; path = LeadFormDraft.swift; sourceTree = "<group>"; };
		847C41DE74AA10F1D3A301AF /* DoorKnockerDashboardView.swift */ = {isa = PBXFileReference; lastKnownFileType = sourcecode.swift; path = DoorKnockerDashboardView.swift; sourceTree = "<group>"; };
		8947825B9E973132AEAE0C00 /* AIExtractionService.swift */ = {isa = PBXFileReference; lastKnownFileType = sourcecode.swift; path = AIExtractionService.swift; sourceTree = "<group>"; };
		8F29D6885EFEAF56F8E2ED19 /* LeadService.swift */ = {isa = PBXFileReference; lastKnownFileType = sourcecode.swift; path = LeadService.swift; sourceTree = "<group>"; };
		92EC43263587D501E93341BB /* NotificationsView.swift */ = {isa = PBXFileReference; lastKnownFileType = sourcecode.swift; path = NotificationsView.swift; sourceTree = "<group>"; };
		968157853DEA687D17F90B0E /* AppState.swift */ = {isa = PBXFileReference; lastKnownFileType = sourcecode.swift; path = AppState.swift; sourceTree = "<group>"; };
		9DD7338EFC4F8AB49A1CD95B /* LoginView.swift */ = {isa = PBXFileReference; lastKnownFileType = sourcecode.swift; path = LoginView.swift; sourceTree = "<group>"; };
		9FA5FA8E18C5D3D316B26317 /* CloserDashboardView.swift */ = {isa = PBXFileReference; lastKnownFileType = sourcecode.swift; path = CloserDashboardView.swift; sourceTree = "<group>"; };
		A083CF00BDC4D8DF51BA21EF /* NewLeadFlowView.swift */ = {isa = PBXFileReference; lastKnownFileType = sourcecode.swift; path = NewLeadFlowView.swift; sourceTree = "<group>"; };
		AE7B75FD8EEE8F57B25F7A42 /* LeadStatus.swift */ = {isa = PBXFileReference; lastKnownFileType = sourcecode.swift; path = LeadStatus.swift; sourceTree = "<group>"; };
		B3D21CBC9A95735EDE0858C1 /* LaunchScreen.storyboard */ = {isa = PBXFileReference; lastKnownFileType = file.storyboard; path = LaunchScreen.storyboard; sourceTree = "<group>"; };
		BAD936BEB2DEBD75C63C7E2F /* CloserLeadDetailView.swift */ = {isa = PBXFileReference; lastKnownFileType = sourcecode.swift; path = CloserLeadDetailView.swift; sourceTree = "<group>"; };
		C2EE5D76BC829713966E36EB /* AppNotification.swift */ = {isa = PBXFileReference; lastKnownFileType = sourcecode.swift; path = AppNotification.swift; sourceTree = "<group>"; };
		CA5FD0E5B52D9ACD550802BF /* Components.swift */ = {isa = PBXFileReference; lastKnownFileType = sourcecode.swift; path = Components.swift; sourceTree = "<group>"; };
		CA639C5B48FDFE5F8CACE7B8 /* CloserScheduleView.swift */ = {isa = PBXFileReference; lastKnownFileType = sourcecode.swift; path = CloserScheduleView.swift; sourceTree = "<group>"; };
		D4432A435FE6735B4FFB3302 /* NotificationService.swift */ = {isa = PBXFileReference; lastKnownFileType = sourcecode.swift; path = NotificationService.swift; sourceTree = "<group>"; };
		DB8E4AB226AE6F0A6D609511 /* Lead.swift */ = {isa = PBXFileReference; lastKnownFileType = sourcecode.swift; path = Lead.swift; sourceTree = "<group>"; };
		DBD8C557F999C2F345D365FE /* LeadHistoryItem.swift */ = {isa = PBXFileReference; lastKnownFileType = sourcecode.swift; path = LeadHistoryItem.swift; sourceTree = "<group>"; };
		EC5A689ACCE35EB4371DADF7 /* LeadExtraction.swift */ = {isa = PBXFileReference; lastKnownFileType = sourcecode.swift; path = LeadExtraction.swift; sourceTree = "<group>"; };
		F74EEB5D126D6819048A9BE8 /* LeadDTOs.swift */ = {isa = PBXFileReference; lastKnownFileType = sourcecode.swift; path = LeadDTOs.swift; sourceTree = "<group>"; };
		FFF4EDF643E315E1C09E871C /* ManagerDashboardView.swift */ = {isa = PBXFileReference; lastKnownFileType = sourcecode.swift; path = ManagerDashboardView.swift; sourceTree = "<group>"; };
/* End PBXFileReference section */

/* Begin PBXGroup section */
		0352D828D79FF2B8864F3EE3 /* SolarCRMApp */ = {
			isa = PBXGroup;
			children = (
				5573A3606A872105B44A7A6D /* App */,
				457FDA5A4B2540BD30DF841E /* Core */,
				E5383B1D66406E1D5B382C7B /* Features */,
				9075194395587531070BA6B1 /* Resources */,
			);
			path = SolarCRMApp;
			sourceTree = "<group>";
		};
		2AD3EAD61CE4C834EE27E415 /* Models */ = {
			isa = PBXGroup;
			children = (
				C2EE5D76BC829713966E36EB /* AppNotification.swift */,
				154585412B1560D6F1075E89 /* AppUser.swift */,
				DB8E4AB226AE6F0A6D609511 /* Lead.swift */,
				EC5A689ACCE35EB4371DADF7 /* LeadExtraction.swift */,
				81DF46E63105AAEA1EA2A675 /* LeadFormDraft.swift */,
				DBD8C557F999C2F345D365FE /* LeadHistoryItem.swift */,
				073E6DD3E3924F4873AFC1B4 /* LeadOutcome.swift */,
				0E250538C37A11CD69ABA1C2 /* LeadSource.swift */,
				AE7B75FD8EEE8F57B25F7A42 /* LeadStatus.swift */,
				296D17C56FA1E3737DFB1E51 /* UserRole.swift */,
			);
			path = Models;
			sourceTree = "<group>";
		};
		3F033716F27A6DCB69FE9400 /* Auth */ = {
			isa = PBXGroup;
			children = (
				9DD7338EFC4F8AB49A1CD95B /* LoginView.swift */,
			);
			path = Auth;
			sourceTree = "<group>";
		};
		425240524890E241B6F556AE /* Manager */ = {
			isa = PBXGroup;
			children = (
				4A2D7A63403F920C4D937254 /* AssignmentManagerView.swift */,
				FFF4EDF643E315E1C09E871C /* ManagerDashboardView.swift */,
				41648CBD61EAB8CE10FD14AD /* ManagerLeadDetailView.swift */,
				55C7B175E634D804B4061AA7 /* ManagerPipelineBoardView.swift */,
				525767BED8DD23C0D302ACF8 /* ManagerTabView.swift */,
			);
			path = Manager;
			sourceTree = "<group>";
		};
		457FDA5A4B2540BD30DF841E /* Core */ = {
			isa = PBXGroup;
			children = (
				968157853DEA687D17F90B0E /* AppState.swift */,
				2AD3EAD61CE4C834EE27E415 /* Models */,
				B79538EE9EDC6C099D4C13B2 /* Networking */,
				E9150B91F968BF1E7079E5BB /* Services */,
				728DA928F27F258F99158652 /* Utilities */,
			);
			path = Core;
			sourceTree = "<group>";
		};
		4D4E7A7E540C177B268BA271 /* Shared */ = {
			isa = PBXGroup;
			children = (
				CA5FD0E5B52D9ACD550802BF /* Components.swift */,
				92EC43263587D501E93341BB /* NotificationsView.swift */,
				81D3EA31BE0B1A4E96C7C214 /* ProfileView.swift */,
				5E3E2967059A5064C598C811 /* RoleShellView.swift */,
			);
			path = Shared;
			sourceTree = "<group>";
		};
		5573A3606A872105B44A7A6D /* App */ = {
			isa = PBXGroup;
			children = (
				12E57C5A09512B053B669C15 /* RootView.swift */,
				537F8430E9EFC3F81357B75E /* SolarCRMApp.swift */,
			);
			path = App;
			sourceTree = "<group>";
		};
		721E4BF171E9A2EE1D669270 /* Closer */ = {
			isa = PBXGroup;
			children = (
				9FA5FA8E18C5D3D316B26317 /* CloserDashboardView.swift */,
				BAD936BEB2DEBD75C63C7E2F /* CloserLeadDetailView.swift */,
				CA639C5B48FDFE5F8CACE7B8 /* CloserScheduleView.swift */,
				198A6A064C42EA8C7B4897D3 /* CloserTabView.swift */,
			);
			path = Closer;
			sourceTree = "<group>";
		};
		728DA928F27F258F99158652 /* Utilities */ = {
			isa = PBXGroup;
			children = (
				2672586CCB1A01DE30A6C16A /* Formatters.swift */,
				678D683334C035FD1259D7B3 /* LeadStatus+Helpers.swift */,
			);
			path = Utilities;
			sourceTree = "<group>";
		};
		9075194395587531070BA6B1 /* Resources */ = {
			isa = PBXGroup;
			children = (
				B3D21CBC9A95735EDE0858C1 /* LaunchScreen.storyboard */,
			);
			path = Resources;
			sourceTree = "<group>";
		};
		AD8B3033696DE8D6B0BA8BAE /* DoorKnocker */ = {
			isa = PBXGroup;
			children = (
				847C41DE74AA10F1D3A301AF /* DoorKnockerDashboardView.swift */,
				2D2F5133BE1FD2CF2EB1F10D /* DoorKnockerLeadDetailView.swift */,
				5641597072D94052D9040955 /* DoorKnockerTabView.swift */,
				6C3B835054B83EBCEBDB86BE /* LeadFormView.swift */,
				5D0D619E24F068F06627F736 /* LeadReviewView.swift */,
				A083CF00BDC4D8DF51BA21EF /* NewLeadFlowView.swift */,
			);
			path = DoorKnocker;
			sourceTree = "<group>";
		};
		B79538EE9EDC6C099D4C13B2 /* Networking */ = {
			isa = PBXGroup;
			children = (
				3EC0CFE335C1178DF3E5BFA4 /* APIClient.swift */,
				F74EEB5D126D6819048A9BE8 /* LeadDTOs.swift */,
			);
			path = Networking;
			sourceTree = "<group>";
		};
		CB329E397813E4B082B76B9A = {
			isa = PBXGroup;
			children = (
				0352D828D79FF2B8864F3EE3 /* SolarCRMApp */,
				D34AE73211B78A8256B14DEF /* Products */,
			);
			sourceTree = "<group>";
		};
		D34AE73211B78A8256B14DEF /* Products */ = {
			isa = PBXGroup;
			children = (
				63EFABB7ED6D0965C732BA96 /* SolarCRM.app */,
			);
			name = Products;
			sourceTree = "<group>";
		};
		E5383B1D66406E1D5B382C7B /* Features */ = {
			isa = PBXGroup;
			children = (
				3F033716F27A6DCB69FE9400 /* Auth */,
				721E4BF171E9A2EE1D669270 /* Closer */,
				AD8B3033696DE8D6B0BA8BAE /* DoorKnocker */,
				425240524890E241B6F556AE /* Manager */,
				4D4E7A7E540C177B268BA271 /* Shared */,
			);
			path = Features;
			sourceTree = "<group>";
		};
		E9150B91F968BF1E7079E5BB /* Services */ = {
			isa = PBXGroup;
			children = (
				8947825B9E973132AEAE0C00 /* AIExtractionService.swift */,
				094FC9CBEC5B056867CBE28B /* AuthService.swift */,
				8F29D6885EFEAF56F8E2ED19 /* LeadService.swift */,
				D4432A435FE6735B4FFB3302 /* NotificationService.swift */,
				3C4C2CCCBF775FD1858601B4 /* SeedData.swift */,
				2E18237EC35D5E737F31E858 /* ServiceContainer.swift */,
			);
			path = Services;
			sourceTree = "<group>";
		};
/* End PBXGroup section */

/* Begin PBXNativeTarget section */
		6118D2885D9AE9F6544EE745 /* SolarCRM */ = {
			isa = PBXNativeTarget;
			buildConfigurationList = 0FDF1349CA5FA0839BFE2AF6 /* Build configuration list for PBXNativeTarget "SolarCRM" */;
			buildPhases = (
				6ACA42D2FF95EF0801249F13 /* Sources */,
				C4EB5B0798F2220098D57A42 /* Resources */,
			);
			buildRules = (
			);
			dependencies = (
			);
			name = SolarCRM;
			packageProductDependencies = (
			);
			productName = SolarCRM;
			productReference = 63EFABB7ED6D0965C732BA96 /* SolarCRM.app */;
			productType = "com.apple.product-type.application";
		};
/* End PBXNativeTarget section */

/* Begin PBXProject section */
		C52E7A54D2F5E505FEFB9B1C /* Project object */ = {
			isa = PBXProject;
			attributes = {
				BuildIndependentTargetsInParallel = YES;
				LastUpgradeCheck = 1430;
				TargetAttributes = {
				};
			};
			buildConfigurationList = 3047F749EC45F5FAD7A34E41 /* Build configuration list for PBXProject "SolarCRM" */;
			developmentRegion = en;
			hasScannedForEncodings = 0;
			knownRegions = (
				Base,
				en,
			);
			mainGroup = CB329E397813E4B082B76B9A;
			minimizedProjectReferenceProxies = 1;
			preferredProjectObjectVersion = 77;
			productRefGroup = D34AE73211B78A8256B14DEF /* Products */;
			projectDirPath = "";
			projectRoot = "";
			targets = (
				6118D2885D9AE9F6544EE745 /* SolarCRM */,
			);
		};
/* End PBXProject section */

/* Begin PBXResourcesBuildPhase section */
		C4EB5B0798F2220098D57A42 /* Resources */ = {
			isa = PBXResourcesBuildPhase;
			buildActionMask = 2147483647;
			files = (
				AB1198410C30D3647ACA18AC /* LaunchScreen.storyboard in Resources */,
			);
			runOnlyForDeploymentPostprocessing = 0;
		};
/* End PBXResourcesBuildPhase section */

/* Begin PBXSourcesBuildPhase section */
		6ACA42D2FF95EF0801249F13 /* Sources */ = {
			isa = PBXSourcesBuildPhase;
			buildActionMask = 2147483647;
			files = (
				D263C33C0843FA4CC3F6721C /* AIExtractionService.swift in Sources */,
				0F5C3BF8DF87040AD5FB7407 /* APIClient.swift in Sources */,
				E55CF1E02E94519EB9D27E13 /* AppNotification.swift in Sources */,
				1E2244806AFE0701E4468F5B /* AppState.swift in Sources */,
				8E12EEEAA4D74E1D741C0069 /* AppUser.swift in Sources */,
				6A70015CE04F8623DF000B95 /* AssignmentManagerView.swift in Sources */,
				E4E76695115D3B2C4DBD1260 /* AuthService.swift in Sources */,
				296972D73AFF3E8F7D08FDC3 /* CloserDashboardView.swift in Sources */,
				ABE4422B19EE69D9093E89A1 /* CloserLeadDetailView.swift in Sources */,
				7DED6454DA5EE7498B6D752B /* CloserScheduleView.swift in Sources */,
				74DBA0AA3764693FDAC0103D /* CloserTabView.swift in Sources */,
				B04C344A18777E3443A9F5E2 /* Components.swift in Sources */,
				61E51383B10395F1F3FD963F /* DoorKnockerDashboardView.swift in Sources */,
				6B2E574A1C3C44AF80D1B4C1 /* DoorKnockerLeadDetailView.swift in Sources */,
				B843922DE178F743770D76C8 /* DoorKnockerTabView.swift in Sources */,
				691A778AA61723A434371BD4 /* Formatters.swift in Sources */,
				2ACCE4DC4D44464764103C2C /* Lead.swift in Sources */,
				F46FD0DDFC7C7AA5F5E04A8C /* LeadDTOs.swift in Sources */,
				85885DE9DAF43F6F5FA6DD11 /* LeadExtraction.swift in Sources */,
				0FFB63E0141F9F6ADC7FA514 /* LeadFormDraft.swift in Sources */,
				122D05FE6C097143B4761EAA /* LeadFormView.swift in Sources */,
				A9FE7E8025228B72178E9F24 /* LeadHistoryItem.swift in Sources */,
				6FDE331DF09E5270C4746C4A /* LeadOutcome.swift in Sources */,
				4852383CB79CEBCF7444C99F /* LeadReviewView.swift in Sources */,
				823A9FE6901FB013F9B8A1D0 /* LeadService.swift in Sources */,
				27F275E316ACA0AF29CBC74D /* LeadSource.swift in Sources */,
				17A9324BACDA0CB26F331C14 /* LeadStatus+Helpers.swift in Sources */,
				E42750E1BA240B30D2101776 /* LeadStatus.swift in Sources */,
				DE29FC75F1EE2270A656CD39 /* LoginView.swift in Sources */,
				8F5C33224A26F4EBD02642EE /* ManagerDashboardView.swift in Sources */,
				1086D70FDA27D4039DB1B96A /* ManagerLeadDetailView.swift in Sources */,
				E01C173CCF21A4331389A275 /* ManagerPipelineBoardView.swift in Sources */,
				B48C2986741D4AA1B21C8C1E /* ManagerTabView.swift in Sources */,
				931D0E50874EE3CB9A9AF924 /* NewLeadFlowView.swift in Sources */,
				BA322E879A6623D6A93E77B9 /* NotificationService.swift in Sources */,
				EEEA727262AEE2EF756F7F63 /* NotificationsView.swift in Sources */,
				0D981E919FBD7BE235C8EF69 /* ProfileView.swift in Sources */,
				1F10AC8D286E7488378ABB09 /* RoleShellView.swift in Sources */,
				4F4891C135AC4C9C7D21E2FA /* RootView.swift in Sources */,
				5E07F27D51C5BE245A09739B /* SeedData.swift in Sources */,
				8328D4882FF67D07B6CED7E8 /* ServiceContainer.swift in Sources */,
				A7AB119F7EDE3D774566C63A /* SolarCRMApp.swift in Sources */,
				E0FDEBAD4BFB4802485BC001 /* UserRole.swift in Sources */,
			);
			runOnlyForDeploymentPostprocessing = 0;
		};
/* End PBXSourcesBuildPhase section */

/* Begin XCBuildConfiguration section */
		09502498504CD8A0D835CDEF /* Debug */ = {
			isa = XCBuildConfiguration;
			buildSettings = {
				ALWAYS_SEARCH_USER_PATHS = NO;
				CLANG_ANALYZER_NONNULL = YES;
				CLANG_ANALYZER_NUMBER_OBJECT_CONVERSION = YES_AGGRESSIVE;
				CLANG_CXX_LANGUAGE_STANDARD = "gnu++14";
				CLANG_CXX_LIBRARY = "libc++";
				CLANG_ENABLE_MODULES = YES;
				CLANG_ENABLE_OBJC_ARC = YES;
				CLANG_ENABLE_OBJC_WEAK = YES;
				CLANG_WARN_BLOCK_CAPTURE_AUTORELEASING = YES;
				CLANG_WARN_BOOL_CONVERSION = YES;
				CLANG_WARN_COMMA = YES;
				CLANG_WARN_CONSTANT_CONVERSION = YES;
				CLANG_WARN_DEPRECATED_OBJC_IMPLEMENTATIONS = YES;
				CLANG_WARN_DIRECT_OBJC_ISA_USAGE = YES_ERROR;
				CLANG_WARN_DOCUMENTATION_COMMENTS = YES;
				CLANG_WARN_EMPTY_BODY = YES;
				CLANG_WARN_ENUM_CONVERSION = YES;
				CLANG_WARN_INFINITE_RECURSION = YES;
				CLANG_WARN_INT_CONVERSION = YES;
				CLANG_WARN_NON_LITERAL_NULL_CONVERSION = YES;
				CLANG_WARN_OBJC_IMPLICIT_RETAIN_SELF = YES;
				CLANG_WARN_OBJC_LITERAL_CONVERSION = YES;
				CLANG_WARN_OBJC_ROOT_CLASS = YES_ERROR;
				CLANG_WARN_QUOTED_INCLUDE_IN_FRAMEWORK_HEADER = YES;
				CLANG_WARN_RANGE_LOOP_ANALYSIS = YES;
				CLANG_WARN_STRICT_PROTOTYPES = YES;
				CLANG_WARN_SUSPICIOUS_MOVE = YES;
				CLANG_WARN_UNGUARDED_AVAILABILITY = YES_AGGRESSIVE;
				CLANG_WARN_UNREACHABLE_CODE = YES;
				CLANG_WARN__DUPLICATE_METHOD_MATCH = YES;
				COPY_PHASE_STRIP = NO;
				DEBUG_INFORMATION_FORMAT = dwarf;
				ENABLE_STRICT_OBJC_MSGSEND = YES;
				ENABLE_TESTABILITY = YES;
				GCC_C_LANGUAGE_STANDARD = gnu11;
				GCC_DYNAMIC_NO_PIC = NO;
				GCC_NO_COMMON_BLOCKS = YES;
				GCC_OPTIMIZATION_LEVEL = 0;
				GCC_PREPROCESSOR_DEFINITIONS = (
					"$(inherited)",
					"DEBUG=1",
				);
				GCC_WARN_64_TO_32_BIT_CONVERSION = YES;
				GCC_WARN_ABOUT_RETURN_TYPE = YES_ERROR;
				GCC_WARN_UNDECLARED_SELECTOR = YES;
				GCC_WARN_UNINITIALIZED_AUTOS = YES_AGGRESSIVE;
				GCC_WARN_UNUSED_FUNCTION = YES;
				GCC_WARN_UNUSED_VARIABLE = YES;
				IPHONEOS_DEPLOYMENT_TARGET = 17.0;
				MTL_ENABLE_DEBUG_INFO = INCLUDE_SOURCE;
				MTL_FAST_MATH = YES;
				ONLY_ACTIVE_ARCH = YES;
				PRODUCT_BUNDLE_IDENTIFIER = com.suncrest.solarcrm;
				PRODUCT_NAME = "$(TARGET_NAME)";
				SDKROOT = iphoneos;
				SWIFT_ACTIVE_COMPILATION_CONDITIONS = DEBUG;
				SWIFT_OPTIMIZATION_LEVEL = "-Onone";
				SWIFT_VERSION = 5.10;
				TARGETED_DEVICE_FAMILY = 1;
			};
			name = Debug;
		};
		2975702EEE1F11070D22244E /* Debug */ = {
			isa = XCBuildConfiguration;
			buildSettings = {
				ASSETCATALOG_COMPILER_APPICON_NAME = AppIcon;
				CODE_SIGN_IDENTITY = "iPhone Developer";
				GENERATE_INFOPLIST_FILE = YES;
				INFOPLIST_KEY_CFBundleDisplayName = "Solar CRM";
				INFOPLIST_KEY_UILaunchStoryboardName = LaunchScreen;
				INFOPLIST_KEY_UISupportedInterfaceOrientations_iPhone = UIInterfaceOrientationPortrait;
				LD_RUNPATH_SEARCH_PATHS = (
					"$(inherited)",
					"@executable_path/Frameworks",
				);
				SDKROOT = iphoneos;
				TARGETED_DEVICE_FAMILY = "1,2";
			};
			name = Debug;
		};
		513F4131FFE4C035A86D5919 /* Release */ = {
			isa = XCBuildConfiguration;
			buildSettings = {
				ASSETCATALOG_COMPILER_APPICON_NAME = AppIcon;
				CODE_SIGN_IDENTITY = "iPhone Developer";
				GENERATE_INFOPLIST_FILE = YES;
				INFOPLIST_KEY_CFBundleDisplayName = "Solar CRM";
				INFOPLIST_KEY_UILaunchStoryboardName = LaunchScreen;
				INFOPLIST_KEY_UISupportedInterfaceOrientations_iPhone = UIInterfaceOrientationPortrait;
				LD_RUNPATH_SEARCH_PATHS = (
					"$(inherited)",
					"@executable_path/Frameworks",
				);
				SDKROOT = iphoneos;
				TARGETED_DEVICE_FAMILY = "1,2";
			};
			name = Release;
		};
		9A720A9EE05EADE6FDAC6FDE /* Release */ = {
			isa = XCBuildConfiguration;
			buildSettings = {
				ALWAYS_SEARCH_USER_PATHS = NO;
				CLANG_ANALYZER_NONNULL = YES;
				CLANG_ANALYZER_NUMBER_OBJECT_CONVERSION = YES_AGGRESSIVE;
				CLANG_CXX_LANGUAGE_STANDARD = "gnu++14";
				CLANG_CXX_LIBRARY = "libc++";
				CLANG_ENABLE_MODULES = YES;
				CLANG_ENABLE_OBJC_ARC = YES;
				CLANG_ENABLE_OBJC_WEAK = YES;
				CLANG_WARN_BLOCK_CAPTURE_AUTORELEASING = YES;
				CLANG_WARN_BOOL_CONVERSION = YES;
				CLANG_WARN_COMMA = YES;
				CLANG_WARN_CONSTANT_CONVERSION = YES;
				CLANG_WARN_DEPRECATED_OBJC_IMPLEMENTATIONS = YES;
				CLANG_WARN_DIRECT_OBJC_ISA_USAGE = YES_ERROR;
				CLANG_WARN_DOCUMENTATION_COMMENTS = YES;
				CLANG_WARN_EMPTY_BODY = YES;
				CLANG_WARN_ENUM_CONVERSION = YES;
				CLANG_WARN_INFINITE_RECURSION = YES;
				CLANG_WARN_INT_CONVERSION = YES;
				CLANG_WARN_NON_LITERAL_NULL_CONVERSION = YES;
				CLANG_WARN_OBJC_IMPLICIT_RETAIN_SELF = YES;
				CLANG_WARN_OBJC_LITERAL_CONVERSION = YES;
				CLANG_WARN_OBJC_ROOT_CLASS = YES_ERROR;
				CLANG_WARN_QUOTED_INCLUDE_IN_FRAMEWORK_HEADER = YES;
				CLANG_WARN_RANGE_LOOP_ANALYSIS = YES;
				CLANG_WARN_STRICT_PROTOTYPES = YES;
				CLANG_WARN_SUSPICIOUS_MOVE = YES;
				CLANG_WARN_UNGUARDED_AVAILABILITY = YES_AGGRESSIVE;
				CLANG_WARN_UNREACHABLE_CODE = YES;
				CLANG_WARN__DUPLICATE_METHOD_MATCH = YES;
				COPY_PHASE_STRIP = NO;
				DEBUG_INFORMATION_FORMAT = "dwarf-with-dsym";
				ENABLE_NS_ASSERTIONS = NO;
				ENABLE_STRICT_OBJC_MSGSEND = YES;
				GCC_C_LANGUAGE_STANDARD = gnu11;
				GCC_NO_COMMON_BLOCKS = YES;
				GCC_WARN_64_TO_32_BIT_CONVERSION = YES;
				GCC_WARN_ABOUT_RETURN_TYPE = YES_ERROR;
				GCC_WARN_UNDECLARED_SELECTOR = YES;
				GCC_WARN_UNINITIALIZED_AUTOS = YES_AGGRESSIVE;
				GCC_WARN_UNUSED_FUNCTION = YES;
				GCC_WARN_UNUSED_VARIABLE = YES;
				IPHONEOS_DEPLOYMENT_TARGET = 17.0;
				MTL_ENABLE_DEBUG_INFO = NO;
				MTL_FAST_MATH = YES;
				PRODUCT_BUNDLE_IDENTIFIER = com.suncrest.solarcrm;
				PRODUCT_NAME = "$(TARGET_NAME)";
				SDKROOT = iphoneos;
				SWIFT_COMPILATION_MODE = wholemodule;
				SWIFT_OPTIMIZATION_LEVEL = "-O";
				SWIFT_VERSION = 5.10;
				TARGETED_DEVICE_FAMILY = 1;
			};
			name = Release;
		};
/* End XCBuildConfiguration section */

/* Begin XCConfigurationList section */
		0FDF1349CA5FA0839BFE2AF6 /* Build configuration list for PBXNativeTarget "SolarCRM" */ = {
			isa = XCConfigurationList;
			buildConfigurations = (
				2975702EEE1F11070D22244E /* Debug */,
				513F4131FFE4C035A86D5919 /* Release */,
			);
			defaultConfigurationIsVisible = 0;
			defaultConfigurationName = Debug;
		};
		3047F749EC45F5FAD7A34E41 /* Build configuration list for PBXProject "SolarCRM" */ = {
			isa = XCConfigurationList;
			buildConfigurations = (
				09502498504CD8A0D835CDEF /* Debug */,
				9A720A9EE05EADE6FDAC6FDE /* Release */,
			);
			defaultConfigurationIsVisible = 0;
			defaultConfigurationName = Debug;
		};
/* End XCConfigurationList section */
	};
	rootObject = C52E7A54D2F5E505FEFB9B1C /* Project object */;
}
